
Microsoft Visual Studio Solution File, Format Version 12.00
# Visual Studio Version 17
VisualStudioVersion = 17.14.36908.2 d17.14
MinimumVisualStudioVersion = 10.0.40219.1
Project("{FAE04EC0-301F-11D3-BF4B-00C04F79EFBC}") = "BetterCtrlW", "BetterCtrlW.csproj", "{2C93935B-896A-4149-8E7F-F69047B2AA53}"
EndProject
Global
	GlobalSection(SolutionConfigurationPlatforms) = preSolution
		Debug|Any CPU = Debug|Any CPU
		Release|Any CPU = Release|Any CPU
	EndGlobalSection
	GlobalSection(ProjectConfigurationPlatforms) = postSolution
		{2C93935B-896A-4149-8E7F-F69047B2AA53}.Debug|Any CPU.ActiveCfg = Debug|Any CPU
		{2C93935B-896A-4149-8E7F-F69047B2AA53}.Debug|Any CPU.Build.0 = Debug|Any CPU
		{2C93935B-896A-4149-8E7F-F69047B2AA53}.Release|Any CPU.ActiveCfg = Release|Any CPU
		{2C93935B-896A-4149-8E7F-F69047B2AA53}.Release|Any CPU.Build.0 = Release|Any CPU
	EndGlobalSection
	GlobalSection(SolutionProperties) = preSolution
		HideSolutionNode = FALSE
	EndGlobalSection
	GlobalSection(ExtensibilityGlobals) = postSolution
		SolutionGuid = {C7B73E29-A318-4F8E-8D56-4FF973EA02B5}
	EndGlobalSection
EndGlobal
